
Microsoft Visual Studio Solution File, Format Version 12.00
# Visual Studio Version 17
VisualStudioVersion = 17.4.33205.214
MinimumVisualStudioVersion = 10.0.40219.1
Project("{FAE04EC0-301F-11D3-BF4B-00C04F79EFBC}") = "MnistDatasetLoader", "MnistDatasetLoader\MnistDatasetLoader.csproj", "{7F82AD2A-9B20-474D-927C-464BE29B36C0}"
EndProject
Global
	GlobalSection(SolutionConfigurationPlatforms) = preSolution
		Debug|Any CPU = Debug|Any CPU
		Release|Any CPU = Release|Any CPU
	EndGlobalSection
	GlobalSection(ProjectConfigurationPlatforms) = postSolution
		{7F82AD2A-9B20-474D-927C-464BE29B36C0}.Debug|Any CPU.ActiveCfg = Debug|Any CPU
		{7F82AD2A-9B20-474D-927C-464BE29B36C0}.Debug|Any CPU.Build.0 = Debug|Any CPU
		{7F82AD2A-9B20-474D-927C-464BE29B36C0}.Release|Any CPU.ActiveCfg = Release|Any CPU
		{7F82AD2A-9B20-474D-927C-464BE29B36C0}.Release|Any CPU.Build.0 = Release|Any CPU
	EndGlobalSection
	GlobalSection(SolutionProperties) = preSolution
		HideSolutionNode = FALSE
	EndGlobalSection
	GlobalSection(ExtensibilityGlobals) = postSolution
		SolutionGuid = {FA1D845D-9CF4-4EB2-BCE1-96042995C943}
	EndGlobalSection
EndGlobal
